
Microsoft Visual Studio Solution File, Format Version 12.00
Project("{2150E333-8FDC-42A3-9474-1A3956D46DE8}") = "Lesson01", "Lesson01", "{0B317F79-7796-4334-8898-8AFB9AAC2203}"
EndProject
Project("{2150E333-8FDC-42A3-9474-1A3956D46DE8}") = "Lesson02", "Lesson02", "{513DA8B6-5709-4489-8483-34796617ECFF}"
EndProject
Project("{2150E333-8FDC-42A3-9474-1A3956D46DE8}") = "Lesson03", "Lesson03", "{F7F025DD-8DDF-4772-9CC5-3A9E2BC95A6E}"
EndProject
Project("{2150E333-8FDC-42A3-9474-1A3956D46DE8}") = "Lesson04", "Lesson04", "{FAF37574-396B-427C-BC39-0C30AAC22A86}"
EndProject
Project("{2150E333-8FDC-42A3-9474-1A3956D46DE8}") = "Lesson05", "Lesson05", "{60306F8C-58A4-4883-8AB6-DC2939F9D508}"
EndProject
Project("{2150E333-8FDC-42A3-9474-1A3956D46DE8}") = "Lesson06", "Lesson06", "{057CE7FC-7AD3-4D61-AD50-67CFE2A7C7EB}"
EndProject
Project("{2150E333-8FDC-42A3-9474-1A3956D46DE8}") = "Lesson07", "Lesson07", "{B5258EB6-93BF-47D8-A80A-540EE008913A}"
EndProject
Project("{2150E333-8FDC-42A3-9474-1A3956D46DE8}") = "Lesson08", "Lesson08", "{B33C34B6-D972-455B-B777-FF96FBC9E613}"
EndProject
Project("{2150E333-8FDC-42A3-9474-1A3956D46DE8}") = "Lesson09", "Lesson09", "{53411A0E-9C58-4038-A343-3D8B442EDCA3}"
EndProject
Project("{2150E333-8FDC-42A3-9474-1A3956D46DE8}") = "Lesson10", "Lesson10", "{C2D627AF-BF08-4562-87EB-213B0CED3C2E}"
EndProject
Project("{2150E333-8FDC-42A3-9474-1A3956D46DE8}") = "Lesson11", "Lesson11", "{A9619C04-2171-4340-9F8B-050911546A5D}"
EndProject
Project("{2150E333-8FDC-42A3-9474-1A3956D46DE8}") = "Lesson12", "Lesson12", "{B65276F2-EA2C-427E-B7BE-6D1EE86D35C5}"
EndProject
Project("{2150E333-8FDC-42A3-9474-1A3956D46DE8}") = "Lesson13", "Lesson13", "{89B135AD-0020-421B-9D5D-22F493970233}"
EndProject
Project("{2150E333-8FDC-42A3-9474-1A3956D46DE8}") = "Lesson14", "Lesson14", "{A47E4427-4D63-448E-BAC0-C9660D5CA628}"
EndProject
Project("{2150E333-8FDC-42A3-9474-1A3956D46DE8}") = "Lesson15.CourseWork", "Lesson15.CourseWork", "{1D5D643A-838B-4695-8261-58DA5F716A7E}"
EndProject
Project("{FAE04EC0-301F-11D3-BF4B-00C04F79EFBC}") = "Theory01", "Theory01\Theory01.csproj", "{CDFA6221-5397-46A1-8574-CF4C31F483E8}"
EndProject
Project("{FAE04EC0-301F-11D3-BF4B-00C04F79EFBC}") = "Theory02", "Theory02\Theory02.csproj", "{D7860E73-0A68-48C3-A500-A4CF66075948}"
EndProject
Project("{FAE04EC0-301F-11D3-BF4B-00C04F79EFBC}") = "Theory03", "Theory03\Theory03.csproj", "{3EB62A75-1D3B-4F43-A3B7-50A43CE48A12}"
EndProject
Project("{FAE04EC0-301F-11D3-BF4B-00C04F79EFBC}") = "Theory04", "Theory04\Theory04.csproj", "{EA82A30E-DC6C-4033-926E-710BA26C1CE2}"
EndProject
Project("{FAE04EC0-301F-11D3-BF4B-00C04F79EFBC}") = "Theory05", "Theory05\Theory05.csproj", "{37CE4D57-0601-48E5-8390-5122916442C5}"
EndProject
Project("{FAE04EC0-301F-11D3-BF4B-00C04F79EFBC}") = "Theory06", "Theory06\Theory06.csproj", "{3CFF0DC9-605F-4E22-945C-B8918FD42F26}"
EndProject
Project("{FAE04EC0-301F-11D3-BF4B-00C04F79EFBC}") = "Theory07", "Theory07\Theory07.csproj", "{D044B97C-594B-4DDC-9C0B-0FB96C2F92C9}"
EndProject
Project("{FAE04EC0-301F-11D3-BF4B-00C04F79EFBC}") = "Theory08", "Theory08\Theory08.csproj", "{3C63F1A1-F05C-4C09-B400-2CB7C1C98628}"
EndProject
Project("{FAE04EC0-301F-11D3-BF4B-00C04F79EFBC}") = "Theory09", "Theory09\Theory09.csproj", "{D07951FC-C4A7-4FA4-96FA-905E14D2F45F}"
EndProject
Project("{FAE04EC0-301F-11D3-BF4B-00C04F79EFBC}") = "Theory10", "Theory10\Theory10.csproj", "{57DDBDF5-EE22-4F71-BEB2-5928A6C4B9B3}"
EndProject
Project("{FAE04EC0-301F-11D3-BF4B-00C04F79EFBC}") = "Theory11", "Theory11\Theory11.csproj", "{8A33F50F-802B-478D-BEEC-DC46D70ACEC7}"
EndProject
Project("{FAE04EC0-301F-11D3-BF4B-00C04F79EFBC}") = "Theory12", "Theory12\Theory12.csproj", "{8ACDF4AC-6200-4537-B6D9-ECE4B11DCE03}"
EndProject
Project("{FAE04EC0-301F-11D3-BF4B-00C04F79EFBC}") = "Theory13", "Theory13\Theory13.csproj", "{25C3C89C-2557-4240-BA51-C46C92692E01}"
EndProject
Project("{FAE04EC0-301F-11D3-BF4B-00C04F79EFBC}") = "Theory14", "Theory14\Theory14.csproj", "{5FBF4657-D676-4AC6-A4A1-74D5ECAB60E4}"
EndProject
Project("{FAE04EC0-301F-11D3-BF4B-00C04F79EFBC}") = "CourseWork", "CourseWork\CourseWork.csproj", "{9F2A191E-6F85-4634-9C3C-ACE4F8378112}"
EndProject
Project("{FAE04EC0-301F-11D3-BF4B-00C04F79EFBC}") = "Homework02", "Homework02\Homework02.csproj", "{F44DBFAB-C8B1-4877-8CAC-46B502E1E80D}"
EndProject
Project("{FAE04EC0-301F-11D3-BF4B-00C04F79EFBC}") = "Homework03", "Homework03\Homework03.csproj", "{B21D1E26-0001-4015-B5F8-131590ED7AF0}"
EndProject
Project("{FAE04EC0-301F-11D3-BF4B-00C04F79EFBC}") = "Homework04", "Homework04\Homework04.csproj", "{B455CF55-3B58-4007-9677-E6BEC305BE87}"
EndProject
Project("{FAE04EC0-301F-11D3-BF4B-00C04F79EFBC}") = "Homework05", "Homework05\Homework05.csproj", "{4E784B1B-058A-4A01-BE40-E66F3840B467}"
EndProject
Project("{FAE04EC0-301F-11D3-BF4B-00C04F79EFBC}") = "Homework06", "Homework06\Homework06.csproj", "{91510B94-1FAD-434A-BAD0-BF60872D2098}"
EndProject
Project("{FAE04EC0-301F-11D3-BF4B-00C04F79EFBC}") = "Homework07", "Homework07\Homework07.csproj", "{B722F094-4D9A-4A67-AC79-D990C784FAF0}"
EndProject
Project("{FAE04EC0-301F-11D3-BF4B-00C04F79EFBC}") = "Homework08", "Homework08\Homework08.csproj", "{FD57586E-33C7-4CDB-9B65-FB9E688A0106}"
EndProject
Project("{FAE04EC0-301F-11D3-BF4B-00C04F79EFBC}") = "Homework09", "Homework09\Homework09.csproj", "{D95FC5E4-B69A-4D72-9B0E-CE9EA8EBD418}"
EndProject
Project("{FAE04EC0-301F-11D3-BF4B-00C04F79EFBC}") = "Homework10", "Homework10\Homework10.csproj", "{020AEE38-F676-4412-B0D4-8D5287367758}"
EndProject
Project("{FAE04EC0-301F-11D3-BF4B-00C04F79EFBC}") = "Homework11", "Homework11\Homework11.csproj", "{238FFC85-314C-4FEF-A284-F8468AA2B9E2}"
EndProject
Global
	GlobalSection(SolutionConfigurationPlatforms) = preSolution
		Debug|Any CPU = Debug|Any CPU
		Release|Any CPU = Release|Any CPU
	EndGlobalSection
	GlobalSection(NestedProjects) = preSolution
		{CDFA6221-5397-46A1-8574-CF4C31F483E8} = {0B317F79-7796-4334-8898-8AFB9AAC2203}
		{D7860E73-0A68-48C3-A500-A4CF66075948} = {513DA8B6-5709-4489-8483-34796617ECFF}
		{3EB62A75-1D3B-4F43-A3B7-50A43CE48A12} = {F7F025DD-8DDF-4772-9CC5-3A9E2BC95A6E}
		{EA82A30E-DC6C-4033-926E-710BA26C1CE2} = {FAF37574-396B-427C-BC39-0C30AAC22A86}
		{37CE4D57-0601-48E5-8390-5122916442C5} = {60306F8C-58A4-4883-8AB6-DC2939F9D508}
		{3CFF0DC9-605F-4E22-945C-B8918FD42F26} = {057CE7FC-7AD3-4D61-AD50-67CFE2A7C7EB}
		{D044B97C-594B-4DDC-9C0B-0FB96C2F92C9} = {B5258EB6-93BF-47D8-A80A-540EE008913A}
		{3C63F1A1-F05C-4C09-B400-2CB7C1C98628} = {B33C34B6-D972-455B-B777-FF96FBC9E613}
		{D07951FC-C4A7-4FA4-96FA-905E14D2F45F} = {53411A0E-9C58-4038-A343-3D8B442EDCA3}
		{57DDBDF5-EE22-4F71-BEB2-5928A6C4B9B3} = {C2D627AF-BF08-4562-87EB-213B0CED3C2E}
		{8A33F50F-802B-478D-BEEC-DC46D70ACEC7} = {A9619C04-2171-4340-9F8B-050911546A5D}
		{8ACDF4AC-6200-4537-B6D9-ECE4B11DCE03} = {B65276F2-EA2C-427E-B7BE-6D1EE86D35C5}
		{25C3C89C-2557-4240-BA51-C46C92692E01} = {89B135AD-0020-421B-9D5D-22F493970233}
		{5FBF4657-D676-4AC6-A4A1-74D5ECAB60E4} = {A47E4427-4D63-448E-BAC0-C9660D5CA628}
		{9F2A191E-6F85-4634-9C3C-ACE4F8378112} = {1D5D643A-838B-4695-8261-58DA5F716A7E}
		{F44DBFAB-C8B1-4877-8CAC-46B502E1E80D} = {513DA8B6-5709-4489-8483-34796617ECFF}
		{B21D1E26-0001-4015-B5F8-131590ED7AF0} = {F7F025DD-8DDF-4772-9CC5-3A9E2BC95A6E}
		{B455CF55-3B58-4007-9677-E6BEC305BE87} = {FAF37574-396B-427C-BC39-0C30AAC22A86}
		{4E784B1B-058A-4A01-BE40-E66F3840B467} = {60306F8C-58A4-4883-8AB6-DC2939F9D508}
		{91510B94-1FAD-434A-BAD0-BF60872D2098} = {057CE7FC-7AD3-4D61-AD50-67CFE2A7C7EB}
		{B722F094-4D9A-4A67-AC79-D990C784FAF0} = {B5258EB6-93BF-47D8-A80A-540EE008913A}
		{FD57586E-33C7-4CDB-9B65-FB9E688A0106} = {B33C34B6-D972-455B-B777-FF96FBC9E613}
		{D95FC5E4-B69A-4D72-9B0E-CE9EA8EBD418} = {53411A0E-9C58-4038-A343-3D8B442EDCA3}
		{020AEE38-F676-4412-B0D4-8D5287367758} = {C2D627AF-BF08-4562-87EB-213B0CED3C2E}
		{238FFC85-314C-4FEF-A284-F8468AA2B9E2} = {A9619C04-2171-4340-9F8B-050911546A5D}
	EndGlobalSection
	GlobalSection(ProjectConfigurationPlatforms) = postSolution
		{CDFA6221-5397-46A1-8574-CF4C31F483E8}.Debug|Any CPU.ActiveCfg = Debug|Any CPU
		{CDFA6221-5397-46A1-8574-CF4C31F483E8}.Debug|Any CPU.Build.0 = Debug|Any CPU
		{CDFA6221-5397-46A1-8574-CF4C31F483E8}.Release|Any CPU.ActiveCfg = Release|Any CPU
		{CDFA6221-5397-46A1-8574-CF4C31F483E8}.Release|Any CPU.Build.0 = Release|Any CPU
		{D7860E73-0A68-48C3-A500-A4CF66075948}.Debug|Any CPU.ActiveCfg = Debug|Any CPU
		{D7860E73-0A68-48C3-A500-A4CF66075948}.Debug|Any CPU.Build.0 = Debug|Any CPU
		{D7860E73-0A68-48C3-A500-A4CF66075948}.Release|Any CPU.ActiveCfg = Release|Any CPU
		{D7860E73-0A68-48C3-A500-A4CF66075948}.Release|Any CPU.Build.0 = Release|Any CPU
		{3EB62A75-1D3B-4F43-A3B7-50A43CE48A12}.Debug|Any CPU.ActiveCfg = Debug|Any CPU
		{3EB62A75-1D3B-4F43-A3B7-50A43CE48A12}.Debug|Any CPU.Build.0 = Debug|Any CPU
		{3EB62A75-1D3B-4F43-A3B7-50A43CE48A12}.Release|Any CPU.ActiveCfg = Release|Any CPU
		{3EB62A75-1D3B-4F43-A3B7-50A43CE48A12}.Release|Any CPU.Build.0 = Release|Any CPU
		{EA82A30E-DC6C-4033-926E-710BA26C1CE2}.Debug|Any CPU.ActiveCfg = Debug|Any CPU
		{EA82A30E-DC6C-4033-926E-710BA26C1CE2}.Debug|Any CPU.Build.0 = Debug|Any CPU
		{EA82A30E-DC6C-4033-926E-710BA26C1CE2}.Release|Any CPU.ActiveCfg = Release|Any CPU
		{EA82A30E-DC6C-4033-926E-710BA26C1CE2}.Release|Any CPU.Build.0 = Release|Any CPU
		{37CE4D57-0601-48E5-8390-5122916442C5}.Debug|Any CPU.ActiveCfg = Debug|Any CPU
		{37CE4D57-0601-48E5-8390-5122916442C5}.Debug|Any CPU.Build.0 = Debug|Any CPU
		{37CE4D57-0601-48E5-8390-5122916442C5}.Release|Any CPU.ActiveCfg = Release|Any CPU
		{37CE4D57-0601-48E5-8390-5122916442C5}.Release|Any CPU.Build.0 = Release|Any CPU
		{3CFF0DC9-605F-4E22-945C-B8918FD42F26}.Debug|Any CPU.ActiveCfg = Debug|Any CPU
		{3CFF0DC9-605F-4E22-945C-B8918FD42F26}.Debug|Any CPU.Build.0 = Debug|Any CPU
		{3CFF0DC9-605F-4E22-945C-B8918FD42F26}.Release|Any CPU.ActiveCfg = Release|Any CPU
		{3CFF0DC9-605F-4E22-945C-B8918FD42F26}.Release|Any CPU.Build.0 = Release|Any CPU
		{D044B97C-594B-4DDC-9C0B-0FB96C2F92C9}.Debug|Any CPU.ActiveCfg = Debug|Any CPU
		{D044B97C-594B-4DDC-9C0B-0FB96C2F92C9}.Debug|Any CPU.Build.0 = Debug|Any CPU
		{D044B97C-594B-4DDC-9C0B-0FB96C2F92C9}.Release|Any CPU.ActiveCfg = Release|Any CPU
		{D044B97C-594B-4DDC-9C0B-0FB96C2F92C9}.Release|Any CPU.Build.0 = Release|Any CPU
		{3C63F1A1-F05C-4C09-B400-2CB7C1C98628}.Debug|Any CPU.ActiveCfg = Debug|Any CPU
		{3C63F1A1-F05C-4C09-B400-2CB7C1C98628}.Debug|Any CPU.Build.0 = Debug|Any CPU
		{3C63F1A1-F05C-4C09-B400-2CB7C1C98628}.Release|Any CPU.ActiveCfg = Release|Any CPU
		{3C63F1A1-F05C-4C09-B400-2CB7C1C98628}.Release|Any CPU.Build.0 = Release|Any CPU
		{D07951FC-C4A7-4FA4-96FA-905E14D2F45F}.Debug|Any CPU.ActiveCfg = Debug|Any CPU
		{D07951FC-C4A7-4FA4-96FA-905E14D2F45F}.Debug|Any CPU.Build.0 = Debug|Any CPU
		{D07951FC-C4A7-4FA4-96FA-905E14D2F45F}.Release|Any CPU.ActiveCfg = Release|Any CPU
		{D07951FC-C4A7-4FA4-96FA-905E14D2F45F}.Release|Any CPU.Build.0 = Release|Any CPU
		{57DDBDF5-EE22-4F71-BEB2-5928A6C4B9B3}.Debug|Any CPU.ActiveCfg = Debug|Any CPU
		{57DDBDF5-EE22-4F71-BEB2-5928A6C4B9B3}.Debug|Any CPU.Build.0 = Debug|Any CPU
		{57DDBDF5-EE22-4F71-BEB2-5928A6C4B9B3}.Release|Any CPU.ActiveCfg = Release|Any CPU
		{57DDBDF5-EE22-4F71-BEB2-5928A6C4B9B3}.Release|Any CPU.Build.0 = Release|Any CPU
		{8A33F50F-802B-478D-BEEC-DC46D70ACEC7}.Debug|Any CPU.ActiveCfg = Debug|Any CPU
		{8A33F50F-802B-478D-BEEC-DC46D70ACEC7}.Debug|Any CPU.Build.0 = Debug|Any CPU
		{8A33F50F-802B-478D-BEEC-DC46D70ACEC7}.Release|Any CPU.ActiveCfg = Release|Any CPU
		{8A33F50F-802B-478D-BEEC-DC46D70ACEC7}.Release|Any CPU.Build.0 = Release|Any CPU
		{8ACDF4AC-6200-4537-B6D9-ECE4B11DCE03}.Debug|Any CPU.ActiveCfg = Debug|Any CPU
		{8ACDF4AC-6200-4537-B6D9-ECE4B11DCE03}.Debug|Any CPU.Build.0 = Debug|Any CPU
		{8ACDF4AC-6200-4537-B6D9-ECE4B11DCE03}.Release|Any CPU.ActiveCfg = Release|Any CPU
		{8ACDF4AC-6200-4537-B6D9-ECE4B11DCE03}.Release|Any CPU.Build.0 = Release|Any CPU
		{25C3C89C-2557-4240-BA51-C46C92692E01}.Debug|Any CPU.ActiveCfg = Debug|Any CPU
		{25C3C89C-2557-4240-BA51-C46C92692E01}.Debug|Any CPU.Build.0 = Debug|Any CPU
		{25C3C89C-2557-4240-BA51-C46C92692E01}.Release|Any CPU.ActiveCfg = Release|Any CPU
		{25C3C89C-2557-4240-BA51-C46C92692E01}.Release|Any CPU.Build.0 = Release|Any CPU
		{5FBF4657-D676-4AC6-A4A1-74D5ECAB60E4}.Debug|Any CPU.ActiveCfg = Debug|Any CPU
		{5FBF4657-D676-4AC6-A4A1-74D5ECAB60E4}.Debug|Any CPU.Build.0 = Debug|Any CPU
		{5FBF4657-D676-4AC6-A4A1-74D5ECAB60E4}.Release|Any CPU.ActiveCfg = Release|Any CPU
		{5FBF4657-D676-4AC6-A4A1-74D5ECAB60E4}.Release|Any CPU.Build.0 = Release|Any CPU
		{9F2A191E-6F85-4634-9C3C-ACE4F8378112}.Debug|Any CPU.ActiveCfg = Debug|Any CPU
		{9F2A191E-6F85-4634-9C3C-ACE4F8378112}.Debug|Any CPU.Build.0 = Debug|Any CPU
		{9F2A191E-6F85-4634-9C3C-ACE4F8378112}.Release|Any CPU.ActiveCfg = Release|Any CPU
		{9F2A191E-6F85-4634-9C3C-ACE4F8378112}.Release|Any CPU.Build.0 = Release|Any CPU
		{F44DBFAB-C8B1-4877-8CAC-46B502E1E80D}.Debug|Any CPU.ActiveCfg = Debug|Any CPU
		{F44DBFAB-C8B1-4877-8CAC-46B502E1E80D}.Debug|Any CPU.Build.0 = Debug|Any CPU
		{F44DBFAB-C8B1-4877-8CAC-46B502E1E80D}.Release|Any CPU.ActiveCfg = Release|Any CPU
		{F44DBFAB-C8B1-4877-8CAC-46B502E1E80D}.Release|Any CPU.Build.0 = Release|Any CPU
		{B21D1E26-0001-4015-B5F8-131590ED7AF0}.Debug|Any CPU.ActiveCfg = Debug|Any CPU
		{B21D1E26-0001-4015-B5F8-131590ED7AF0}.Debug|Any CPU.Build.0 = Debug|Any CPU
		{B21D1E26-0001-4015-B5F8-131590ED7AF0}.Release|Any CPU.ActiveCfg = Release|Any CPU
		{B21D1E26-0001-4015-B5F8-131590ED7AF0}.Release|Any CPU.Build.0 = Release|Any CPU
		{B455CF55-3B58-4007-9677-E6BEC305BE87}.Debug|Any CPU.ActiveCfg = Debug|Any CPU
		{B455CF55-3B58-4007-9677-E6BEC305BE87}.Debug|Any CPU.Build.0 = Debug|Any CPU
		{B455CF55-3B58-4007-9677-E6BEC305BE87}.Release|Any CPU.ActiveCfg = Release|Any CPU
		{B455CF55-3B58-4007-9677-E6BEC305BE87}.Release|Any CPU.Build.0 = Release|Any CPU
		{4E784B1B-058A-4A01-BE40-E66F3840B467}.Debug|Any CPU.ActiveCfg = Debug|Any CPU
		{4E784B1B-058A-4A01-BE40-E66F3840B467}.Debug|Any CPU.Build.0 = Debug|Any CPU
		{4E784B1B-058A-4A01-BE40-E66F3840B467}.Release|Any CPU.ActiveCfg = Release|Any CPU
		{4E784B1B-058A-4A01-BE40-E66F3840B467}.Release|Any CPU.Build.0 = Release|Any CPU
		{91510B94-1FAD-434A-BAD0-BF60872D2098}.Debug|Any CPU.ActiveCfg = Debug|Any CPU
		{91510B94-1FAD-434A-BAD0-BF60872D2098}.Debug|Any CPU.Build.0 = Debug|Any CPU
		{91510B94-1FAD-434A-BAD0-BF60872D2098}.Release|Any CPU.ActiveCfg = Release|Any CPU
		{91510B94-1FAD-434A-BAD0-BF60872D2098}.Release|Any CPU.Build.0 = Release|Any CPU
		{B722F094-4D9A-4A67-AC79-D990C784FAF0}.Debug|Any CPU.ActiveCfg = Debug|Any CPU
		{B722F094-4D9A-4A67-AC79-D990C784FAF0}.Debug|Any CPU.Build.0 = Debug|Any CPU
		{B722F094-4D9A-4A67-AC79-D990C784FAF0}.Release|Any CPU.ActiveCfg = Release|Any CPU
		{B722F094-4D9A-4A67-AC79-D990C784FAF0}.Release|Any CPU.Build.0 = Release|Any CPU
		{FD57586E-33C7-4CDB-9B65-FB9E688A0106}.Debug|Any CPU.ActiveCfg = Debug|Any CPU
		{FD57586E-33C7-4CDB-9B65-FB9E688A0106}.Debug|Any CPU.Build.0 = Debug|Any CPU
		{FD57586E-33C7-4CDB-9B65-FB9E688A0106}.Release|Any CPU.ActiveCfg = Release|Any CPU
		{FD57586E-33C7-4CDB-9B65-FB9E688A0106}.Release|Any CPU.Build.0 = Release|Any CPU
		{D95FC5E4-B69A-4D72-9B0E-CE9EA8EBD418}.Debug|Any CPU.ActiveCfg = Debug|Any CPU
		{D95FC5E4-B69A-4D72-9B0E-CE9EA8EBD418}.Debug|Any CPU.Build.0 = Debug|Any CPU
		{D95FC5E4-B69A-4D72-9B0E-CE9EA8EBD418}.Release|Any CPU.ActiveCfg = Release|Any CPU
		{D95FC5E4-B69A-4D72-9B0E-CE9EA8EBD418}.Release|Any CPU.Build.0 = Release|Any CPU
		{020AEE38-F676-4412-B0D4-8D5287367758}.Debug|Any CPU.ActiveCfg = Debug|Any CPU
		{020AEE38-F676-4412-B0D4-8D5287367758}.Debug|Any CPU.Build.0 = Debug|Any CPU
		{020AEE38-F676-4412-B0D4-8D5287367758}.Release|Any CPU.ActiveCfg = Release|Any CPU
		{020AEE38-F676-4412-B0D4-8D5287367758}.Release|Any CPU.Build.0 = Release|Any CPU
		{238FFC85-314C-4FEF-A284-F8468AA2B9E2}.Debug|Any CPU.ActiveCfg = Debug|Any CPU
		{238FFC85-314C-4FEF-A284-F8468AA2B9E2}.Debug|Any CPU.Build.0 = Debug|Any CPU
		{238FFC85-314C-4FEF-A284-F8468AA2B9E2}.Release|Any CPU.ActiveCfg = Release|Any CPU
		{238FFC85-314C-4FEF-A284-F8468AA2B9E2}.Release|Any CPU.Build.0 = Release|Any CPU
	EndGlobalSection
EndGlobal
